// !$*UTF8*$!
{
	archiveVersion = 1;
	classes = {
	};
	objectVersion = 56;
	objects = {

/* Begin PBXBuildFile section */
		161622A22A79FB2B00844818 /* AppDelegate.swift in Sources */ = {isa = PBXBuildFile; fileRef = 161622A12A79FB2B00844818 /* AppDelegate.swift */; };
		161622A42A79FB2B00844818 /* SceneDelegate.swift in Sources */ = {isa = PBXBuildFile; fileRef = 161622A32A79FB2B00844818 /* SceneDelegate.swift */; };
		161622A62A79FB2B00844818 /* ViewController.swift in Sources */ = {isa = PBXBuildFile; fileRef = 161622A52A79FB2B00844818 /* ViewController.swift */; };
		161622A92A79FB2B00844818 /* Main.storyboard in Resources */ = {isa = PBXBuildFile; fileRef = 161622A72A79FB2B00844818 /* Main.storyboard */; };
		161622AB2A79FB2C00844818 /* Assets.xcassets in Resources */ = {isa = PBXBuildFile; fileRef = 161622AA2A79FB2C00844818 /* Assets.xcassets */; };
		161622AE2A79FB2C00844818 /* LaunchScreen.storyboard in Resources */ = {isa = PBXBuildFile; fileRef = 161622AC2A79FB2C00844818 /* LaunchScreen.storyboard */; };
		161622BA2A7A09B500844818 /* JRFuckTool.swift in Sources */ = {isa = PBXBuildFile; fileRef = 161622B92A7A09B500844818 /* JRFuckTool.swift */; };
		161622DE2A7A0CB600844818 /* Foundation.framework in Frameworks */ = {isa = PBXBuildFile; fileRef = 161622DD2A7A0CB500844818 /* Foundation.framework */; };
		161622E02A7A0CBC00844818 /* UIKit.framework in Frameworks */ = {isa = PBXBuildFile; fileRef = 161622DF2A7A0CBB00844818 /* UIKit.framework */; };
		16ABEB5E2A7A3B8B0016EBBA /* JRShitTool.m in Sources */ = {isa = PBXBuildFile; fileRef = 16ABEB5D2A7A3B8B0016EBBA /* JRShitTool.m */; };
		16ABEB632A7A51C70016EBBA /* SystemConfiguration.framework in Frameworks */ = {isa = PBXBuildFile; fileRef = 16ABEB622A7A51C70016EBBA /* SystemConfiguration.framework */; };
		16ABEB652A7A51D10016EBBA /* CoreTelephony.framework in Frameworks */ = {isa = PBXBuildFile; fileRef = 16ABEB642A7A51D10016EBBA /* CoreTelephony.framework */; };
		16ABEB672A7A51DD0016EBBA /* libsqlite3.tbd in Frameworks */ = {isa = PBXBuildFile; fileRef = 16ABEB662A7A51DD0016EBBA /* libsqlite3.tbd */; };
		16ABEB692A7A51E40016EBBA /* libz.tbd in Frameworks */ = {isa = PBXBuildFile; fileRef = 16ABEB682A7A51E40016EBBA /* libz.tbd */; };
		16ABEB6B2A7A54400016EBBA /* UMCommonLog.framework in Frameworks */ = {isa = PBXBuildFile; fileRef = 16ABEB6A2A7A54400016EBBA /* UMCommonLog.framework */; };
		16ABEB6D2A7A544C0016EBBA /* UMCommon.framework in Frameworks */ = {isa = PBXBuildFile; fileRef = 16ABEB6C2A7A544C0016EBBA /* UMCommon.framework */; };
		16ABEB6F2A7A54570016EBBA /* UMDevice.framework in Frameworks */ = {isa = PBXBuildFile; fileRef = 16ABEB6E2A7A54570016EBBA /* UMDevice.framework */; };
		408450BC3D2D2A75987797E8 /* Pods_JRSubDemo.framework in Frameworks */ = {isa = PBXBuildFile; fileRef = 7D25BF314F079A3E8611D8FB /* Pods_JRSubDemo.framework */; };
/* End PBXBuildFile section */

/* Begin PBXFileReference section */
		1616229E2A79FB2B00844818 /* JRSubDemo.app */ = {isa = PBXFileReference; explicitFileType = wrapper.application; includeInIndex = 0; path = JRSubDemo.app; sourceTree = BUILT_PRODUCTS_DIR; };
		161622A12A79FB2B00844818 /* AppDelegate.swift */ = {isa = PBXFileReference; lastKnownFileType = sourcecode.swift; path = AppDelegate.swift; sourceTree = "<group>"; };
		161622A32A79FB2B00844818 /* SceneDelegate.swift */ = {isa = PBXFileReference; lastKnownFileType = sourcecode.swift; path = SceneDelegate.swift; sourceTree = "<group>"; };
		161622A52A79FB2B00844818 /* ViewController.swift */ = {isa = PBXFileReference; lastKnownFileType = sourcecode.swift; path = ViewController.swift; sourceTree = "<group>"; };
		161622A82A79FB2B00844818 /* Base */ = {isa = PBXFileReference; lastKnownFileType = file.storyboard; name = Base; path = Base.lproj/Main.storyboard; sourceTree = "<group>"; };
		161622AA2A79FB2C00844818 /* Assets.xcassets */ = {isa = PBXFileReference; lastKnownFileType = folder.assetcatalog; path = Assets.xcassets; sourceTree = "<group>"; };
		161622AD2A79FB2C00844818 /* Base */ = {isa = PBXFileReference; lastKnownFileType = file.storyboard; name = Base; path = Base.lproj/LaunchScreen.storyboard; sourceTree = "<group>"; };
		161622AF2A79FB2C00844818 /* Info.plist */ = {isa = PBXFileReference; lastKnownFileType = text.plist.xml; path = Info.plist; sourceTree = "<group>"; };
		161622B92A7A09B500844818 /* JRFuckTool.swift */ = {isa = PBXFileReference; lastKnownFileType = sourcecode.swift; path = JRFuckTool.swift; sourceTree = "<group>"; };
		161622DD2A7A0CB500844818 /* Foundation.framework */ = {isa = PBXFileReference; lastKnownFileType = wrapper.framework; name = Foundation.framework; path = System/Library/Frameworks/Foundation.framework; sourceTree = SDKROOT; };
		161622DF2A7A0CBB00844818 /* UIKit.framework */ = {isa = PBXFileReference; lastKnownFileType = wrapper.framework; name = UIKit.framework; path = System/Library/Frameworks/UIKit.framework; sourceTree = SDKROOT; };
		16ABEB5C2A7A3B8B0016EBBA /* JRShitTool.h */ = {isa = PBXFileReference; lastKnownFileType = sourcecode.c.h; path = JRShitTool.h; sourceTree = "<group>"; };
		16ABEB5D2A7A3B8B0016EBBA /* JRShitTool.m */ = {isa = PBXFileReference; lastKnownFileType = sourcecode.c.objc; path = JRShitTool.m; sourceTree = "<group>"; };
		16ABEB622A7A51C70016EBBA /* SystemConfiguration.framework */ = {isa = PBXFileReference; lastKnownFileType = wrapper.framework; name = SystemConfiguration.framework; path = System/Library/Frameworks/SystemConfiguration.framework; sourceTree = SDKROOT; };
		16ABEB642A7A51D10016EBBA /* CoreTelephony.framework */ = {isa = PBXFileReference; lastKnownFileType = wrapper.framework; name = CoreTelephony.framework; path = System/Library/Frameworks/CoreTelephony.framework; sourceTree = SDKROOT; };
		16ABEB662A7A51DD0016EBBA /* libsqlite3.tbd */ = {isa = PBXFileReference; lastKnownFileType = "sourcecode.text-based-dylib-definition"; name = libsqlite3.tbd; path = usr/lib/libsqlite3.tbd; sourceTree = SDKROOT; };
		16ABEB682A7A51E40016EBBA /* libz.tbd */ = {isa = PBXFileReference; lastKnownFileType = "sourcecode.text-based-dylib-definition"; name = libz.tbd; path = usr/lib/libz.tbd; sourceTree = SDKROOT; };
		16ABEB6A2A7A54400016EBBA /* UMCommonLog.framework */ = {isa = PBXFileReference; lastKnownFileType = wrapper.framework; name = UMCommonLog.framework; path = Pods/UMCCommonLog/UMCommonLog/UMCommonLog.framework; sourceTree = "<group>"; };
		16ABEB6C2A7A544C0016EBBA /* UMCommon.framework */ = {isa = PBXFileReference; lastKnownFileType = wrapper.framework; name = UMCommon.framework; path = Pods/UMCommon/UMCommon_7.4.1/UMCommon.framework; sourceTree = "<group>"; };
		16ABEB6E2A7A54570016EBBA /* UMDevice.framework */ = {isa = PBXFileReference; lastKnownFileType = wrapper.framework; name = UMDevice.framework; path = Pods/UMDevice/UMDevice_3.1.0/UMDevice.framework; sourceTree = "<group>"; };
		7D25BF314F079A3E8611D8FB /* Pods_JRSubDemo.framework */ = {isa = PBXFileReference; explicitFileType = wrapper.framework; includeInIndex = 0; path = Pods_JRSubDemo.framework; sourceTree = BUILT_PRODUCTS_DIR; };
		F81B52D5981E7187209C6623 /* Pods-JRSubDemo.debug.xcconfig */ = {isa = PBXFileReference; includeInIndex = 1; lastKnownFileType = text.xcconfig; name = "Pods-JRSubDemo.debug.xcconfig"; path = "Target Support Files/Pods-JRSubDemo/Pods-JRSubDemo.debug.xcconfig"; sourceTree = "<group>"; };
		FE03A34479C8EE7E9A64EB69 /* Pods-JRSubDemo.release.xcconfig */ = {isa = PBXFileReference; includeInIndex = 1; lastKnownFileType = text.xcconfig; name = "Pods-JRSubDemo.release.xcconfig"; path = "Target Support Files/Pods-JRSubDemo/Pods-JRSubDemo.release.xcconfig"; sourceTree = "<group>"; };
/* End PBXFileReference section */

/* Begin PBXFrameworksBuildPhase section */
		1616229B2A79FB2B00844818 /* Frameworks */ = {
			isa = PBXFrameworksBuildPhase;
			buildActionMask = 2147483647;
			files = (
				16ABEB6F2A7A54570016EBBA /* UMDevice.framework in Frameworks */,
				16ABEB6D2A7A544C0016EBBA /* UMCommon.framework in Frameworks */,
				16ABEB6B2A7A54400016EBBA /* UMCommonLog.framework in Frameworks */,
				16ABEB692A7A51E40016EBBA /* libz.tbd in Frameworks */,
				16ABEB672A7A51DD0016EBBA /* libsqlite3.tbd in Frameworks */,
				16ABEB652A7A51D10016EBBA /* CoreTelephony.framework in Frameworks */,
				16ABEB632A7A51C70016EBBA /* SystemConfiguration.framework in Frameworks */,
				408450BC3D2D2A75987797E8 /* Pods_JRSubDemo.framework in Frameworks */,
				161622E02A7A0CBC00844818 /* UIKit.framework in Frameworks */,
				161622DE2A7A0CB600844818 /* Foundation.framework in Frameworks */,
			);
			runOnlyForDeploymentPostprocessing = 0;
		};
/* End PBXFrameworksBuildPhase section */

/* Begin PBXGroup section */
		161622952A79FB2B00844818 = {
			isa = PBXGroup;
			children = (
				161622A02A79FB2B00844818 /* JRSubDemo */,
				1616229F2A79FB2B00844818 /* Products */,
				A5AEF6A80A9B175F5F289BE7 /* Pods */,
				D0489ED9E2CF86EC48F59DD7 /* Frameworks */,
			);
			sourceTree = "<group>";
		};
		1616229F2A79FB2B00844818 /* Products */ = {
			isa = PBXGroup;
			children = (
				1616229E2A79FB2B00844818 /* JRSubDemo.app */,
			);
			name = Products;
			sourceTree = "<group>";
		};
		161622A02A79FB2B00844818 /* JRSubDemo */ = {
			isa = PBXGroup;
			children = (
				16ABEB5C2A7A3B8B0016EBBA /* JRShitTool.h */,
				16ABEB5D2A7A3B8B0016EBBA /* JRShitTool.m */,
				161622A12A79FB2B00844818 /* AppDelegate.swift */,
				161622A32A79FB2B00844818 /* SceneDelegate.swift */,
				161622A52A79FB2B00844818 /* ViewController.swift */,
				161622A72A79FB2B00844818 /* Main.storyboard */,
				161622AA2A79FB2C00844818 /* Assets.xcassets */,
				161622AC2A79FB2C00844818 /* LaunchScreen.storyboard */,
				161622AF2A79FB2C00844818 /* Info.plist */,
				161622B92A7A09B500844818 /* JRFuckTool.swift */,
			);
			path = JRSubDemo;
			sourceTree = "<group>";
		};
		A5AEF6A80A9B175F5F289BE7 /* Pods */ = {
			isa = PBXGroup;
			children = (
				F81B52D5981E7187209C6623 /* Pods-JRSubDemo.debug.xcconfig */,
				FE03A34479C8EE7E9A64EB69 /* Pods-JRSubDemo.release.xcconfig */,
			);
			path = Pods;
			sourceTree = "<group>";
		};
		D0489ED9E2CF86EC48F59DD7 /* Frameworks */ = {
			isa = PBXGroup;
			children = (
				16ABEB6E2A7A54570016EBBA /* UMDevice.framework */,
				16ABEB6C2A7A544C0016EBBA /* UMCommon.framework */,
				16ABEB6A2A7A54400016EBBA /* UMCommonLog.framework */,
				16ABEB682A7A51E40016EBBA /* libz.tbd */,
				16ABEB662A7A51DD0016EBBA /* libsqlite3.tbd */,
				16ABEB642A7A51D10016EBBA /* CoreTelephony.framework */,
				16ABEB622A7A51C70016EBBA /* SystemConfiguration.framework */,
				161622DF2A7A0CBB00844818 /* UIKit.framework */,
				161622DD2A7A0CB500844818 /* Foundation.framework */,
				7D25BF314F079A3E8611D8FB /* Pods_JRSubDemo.framework */,
			);
			name = Frameworks;
			sourceTree = "<group>";
		};
/* End PBXGroup section */

/* Begin PBXNativeTarget section */
		1616229D2A79FB2B00844818 /* JRSubDemo */ = {
			isa = PBXNativeTarget;
			buildConfigurationList = 161622B22A79FB2C00844818 /* Build configuration list for PBXNativeTarget "JRSubDemo" */;
			buildPhases = (
				B9C8FD8F8AB461641C62F6AA /* [CP] Check Pods Manifest.lock */,
				1616229A2A79FB2B00844818 /* Sources */,
				1616229B2A79FB2B00844818 /* Frameworks */,
				1616229C2A79FB2B00844818 /* Resources */,
				4E242774B94D5E7E7DD10488 /* [CP] Embed Pods Frameworks */,
				7D47A99B75A3E3DDB98123D1 /* [CP] Copy Pods Resources */,
			);
			buildRules = (
			);
			dependencies = (
			);
			name = JRSubDemo;
			productName = JRSubDemo;
			productReference = 1616229E2A79FB2B00844818 /* JRSubDemo.app */;
			productType = "com.apple.product-type.application";
		};
/* End PBXNativeTarget section */

/* Begin PBXProject section */
		161622962A79FB2B00844818 /* Project object */ = {
			isa = PBXProject;
			attributes = {
				BuildIndependentTargetsInParallel = 1;
				LastSwiftUpdateCheck = 1420;
				LastUpgradeCheck = 1420;
				TargetAttributes = {
					1616229D2A79FB2B00844818 = {
						CreatedOnToolsVersion = 14.2;
						LastSwiftMigration = 1420;
					};
				};
			};
			buildConfigurationList = 161622992A79FB2B00844818 /* Build configuration list for PBXProject "JRSubDemo" */;
			compatibilityVersion = "Xcode 14.0";
			developmentRegion = en;
			hasScannedForEncodings = 0;
			knownRegions = (
				en,
				Base,
			);
			mainGroup = 161622952A79FB2B00844818;
			productRefGroup = 1616229F2A79FB2B00844818 /* Products */;
			projectDirPath = "";
			projectRoot = "";
			targets = (
				1616229D2A79FB2B00844818 /* JRSubDemo */,
			);
		};
/* End PBXProject section */

/* Begin PBXResourcesBuildPhase section */
		1616229C2A79FB2B00844818 /* Resources */ = {
			isa = PBXResourcesBuildPhase;
			buildActionMask = 2147483647;
			files = (
				161622AE2A79FB2C00844818 /* LaunchScreen.storyboard in Resources */,
				161622AB2A79FB2C00844818 /* Assets.xcassets in Resources */,
				161622A92A79FB2B00844818 /* Main.storyboard in Resources */,
			);
			runOnlyForDeploymentPostprocessing = 0;
		};
/* End PBXResourcesBuildPhase section */

/* Begin PBXShellScriptBuildPhase section */
		4E242774B94D5E7E7DD10488 /* [CP] Embed Pods Frameworks */ = {
			isa = PBXShellScriptBuildPhase;
			buildActionMask = 2147483647;
			files = (
			);
			inputFileListPaths = (
				"${PODS_ROOT}/Target Support Files/Pods-JRSubDemo/Pods-JRSubDemo-frameworks-${CONFIGURATION}-input-files.xcfilelist",
			);
			name = "[CP] Embed Pods Frameworks";
			outputFileListPaths = (
				"${PODS_ROOT}/Target Support Files/Pods-JRSubDemo/Pods-JRSubDemo-frameworks-${CONFIGURATION}-output-files.xcfilelist",
			);
			runOnlyForDeploymentPostprocessing = 0;
			shellPath = /bin/sh;
			shellScript = "\"${PODS_ROOT}/Target Support Files/Pods-JRSubDemo/Pods-JRSubDemo-frameworks.sh\"\n";
			showEnvVarsInLog = 0;
		};
		7D47A99B75A3E3DDB98123D1 /* [CP] Copy Pods Resources */ = {
			isa = PBXShellScriptBuildPhase;
			buildActionMask = 2147483647;
			files = (
			);
			inputFileListPaths = (
				"${PODS_ROOT}/Target Support Files/Pods-JRSubDemo/Pods-JRSubDemo-resources-${CONFIGURATION}-input-files.xcfilelist",
			);
			name = "[CP] Copy Pods Resources";
			outputFileListPaths = (
				"${PODS_ROOT}/Target Support Files/Pods-JRSubDemo/Pods-JRSubDemo-resources-${CONFIGURATION}-output-files.xcfilelist",
			);
			runOnlyForDeploymentPostprocessing = 0;
			shellPath = /bin/sh;
			shellScript = "\"${PODS_ROOT}/Target Support Files/Pods-JRSubDemo/Pods-JRSubDemo-resources.sh\"\n";
			showEnvVarsInLog = 0;
		};
		B9C8FD8F8AB461641C62F6AA /* [CP] Check Pods Manifest.lock */ = {
			isa = PBXShellScriptBuildPhase;
			buildActionMask = 2147483647;
			files = (
			);
			inputFileListPaths = (
			);
			inputPaths = (
				"${PODS_PODFILE_DIR_PATH}/Podfile.lock",
				"${PODS_ROOT}/Manifest.lock",
			);
			name = "[CP] Check Pods Manifest.lock";
			outputFileListPaths = (
			);
			outputPaths = (
				"$(DERIVED_FILE_DIR)/Pods-JRSubDemo-checkManifestLockResult.txt",
			);
			runOnlyForDeploymentPostprocessing = 0;
			shellPath = /bin/sh;
			shellScript = "diff \"${PODS_PODFILE_DIR_PATH}/Podfile.lock\" \"${PODS_ROOT}/Manifest.lock\" > /dev/null\nif [ $? != 0 ] ; then\n    # print error to STDERR\n    echo \"error: The sandbox is not in sync with the Podfile.lock. Run 'pod install' or update your CocoaPods installation.\" >&2\n    exit 1\nfi\n# This output is used by Xcode 'outputs' to avoid re-running this script phase.\necho \"SUCCESS\" > \"${SCRIPT_OUTPUT_FILE_0}\"\n";
			showEnvVarsInLog = 0;
		};
/* End PBXShellScriptBuildPhase section */

/* Begin PBXSourcesBuildPhase section */
		1616229A2A79FB2B00844818 /* Sources */ = {
			isa = PBXSourcesBuildPhase;
			buildActionMask = 2147483647;
			files = (
				161622A62A79FB2B00844818 /* ViewController.swift in Sources */,
				16ABEB5E2A7A3B8B0016EBBA /* JRShitTool.m in Sources */,
				161622A22A79FB2B00844818 /* AppDelegate.swift in Sources */,
				161622BA2A7A09B500844818 /* JRFuckTool.swift in Sources */,
				161622A42A79FB2B00844818 /* SceneDelegate.swift in Sources */,
			);
			runOnlyForDeploymentPostprocessing = 0;
		};
/* End PBXSourcesBuildPhase section */

/* Begin PBXVariantGroup section */
		161622A72A79FB2B00844818 /* Main.storyboard */ = {
			isa = PBXVariantGroup;
			children = (
				161622A82A79FB2B00844818 /* Base */,
			);
			name = Main.storyboard;
			sourceTree = "<group>";
		};
		161622AC2A79FB2C00844818 /* LaunchScreen.storyboard */ = {
			isa = PBXVariantGroup;
			children = (
				161622AD2A79FB2C00844818 /* Base */,
			);
			name = LaunchScreen.storyboard;
			sourceTree = "<group>";
		};
/* End PBXVariantGroup section */

/* Begin XCBuildConfiguration section */
		161622B02A79FB2C00844818 /* Debug */ = {
			isa = XCBuildConfiguration;
			buildSettings = {
				ALWAYS_SEARCH_USER_PATHS = NO;
				CLANG_ANALYZER_NONNULL = YES;
				CLANG_ANALYZER_NUMBER_OBJECT_CONVERSION = YES_AGGRESSIVE;
				CLANG_CXX_LANGUAGE_STANDARD = "gnu++20";
				CLANG_ENABLE_MODULES = YES;
				CLANG_ENABLE_OBJC_ARC = YES;
				CLANG_ENABLE_OBJC_WEAK = YES;
				CLANG_WARN_BLOCK_CAPTURE_AUTORELEASING = YES;
				CLANG_WARN_BOOL_CONVERSION = YES;
				CLANG_WARN_COMMA = YES;
				CLANG_WARN_CONSTANT_CONVERSION = YES;
				CLANG_WARN_DEPRECATED_OBJC_IMPLEMENTATIONS = YES;
				CLANG_WARN_DIRECT_OBJC_ISA_USAGE = YES_ERROR;
				CLANG_WARN_DOCUMENTATION_COMMENTS = YES;
				CLANG_WARN_EMPTY_BODY = YES;
				CLANG_WARN_ENUM_CONVERSION = YES;
				CLANG_WARN_INFINITE_RECURSION = YES;
				CLANG_WARN_INT_CONVERSION = YES;
				CLANG_WARN_NON_LITERAL_NULL_CONVERSION = YES;
				CLANG_WARN_OBJC_IMPLICIT_RETAIN_SELF = YES;
				CLANG_WARN_OBJC_LITERAL_CONVERSION = YES;
				CLANG_WARN_OBJC_ROOT_CLASS = YES_ERROR;
				CLANG_WARN_QUOTED_INCLUDE_IN_FRAMEWORK_HEADER = YES;
				CLANG_WARN_RANGE_LOOP_ANALYSIS = YES;
				CLANG_WARN_STRICT_PROTOTYPES = YES;
				CLANG_WARN_SUSPICIOUS_MOVE = YES;
				CLANG_WARN_UNGUARDED_AVAILABILITY = YES_AGGRESSIVE;
				CLANG_WARN_UNREACHABLE_CODE = YES;
				CLANG_WARN__DUPLICATE_METHOD_MATCH = YES;
				COPY_PHASE_STRIP = NO;
				DEBUG_INFORMATION_FORMAT = dwarf;
				ENABLE_STRICT_OBJC_MSGSEND = YES;
				ENABLE_TESTABILITY = YES;
				GCC_C_LANGUAGE_STANDARD = gnu11;
				GCC_DYNAMIC_NO_PIC = NO;
				GCC_NO_COMMON_BLOCKS = YES;
				GCC_OPTIMIZATION_LEVEL = 0;
				GCC_PREPROCESSOR_DEFINITIONS = (
					"DEBUG=1",
					"$(inherited)",
				);
				GCC_WARN_64_TO_32_BIT_CONVERSION = YES;
				GCC_WARN_ABOUT_RETURN_TYPE = YES_ERROR;
				GCC_WARN_UNDECLARED_SELECTOR = YES;
				GCC_WARN_UNINITIALIZED_AUTOS = YES_AGGRESSIVE;
				GCC_WARN_UNUSED_FUNCTION = YES;
				GCC_WARN_UNUSED_VARIABLE = YES;
				IPHONEOS_DEPLOYMENT_TARGET = 16.2;
				MTL_ENABLE_DEBUG_INFO = INCLUDE_SOURCE;
				MTL_FAST_MATH = YES;
				ONLY_ACTIVE_ARCH = YES;
				SDKROOT = iphoneos;
				SWIFT_ACTIVE_COMPILATION_CONDITIONS = DEBUG;
				SWIFT_OPTIMIZATION_LEVEL = "-Onone";
			};
			name = Debug;
		};
		161622B12A79FB2C00844818 /* Release */ = {
			isa = XCBuildConfiguration;
			buildSettings = {
				ALWAYS_SEARCH_USER_PATHS = NO;
				CLANG_ANALYZER_NONNULL = YES;
				CLANG_ANALYZER_NUMBER_OBJECT_CONVERSION = YES_AGGRESSIVE;
				CLANG_CXX_LANGUAGE_STANDARD = "gnu++20";
				CLANG_ENABLE_MODULES = YES;
				CLANG_ENABLE_OBJC_ARC = YES;
				CLANG_ENABLE_OBJC_WEAK = YES;
				CLANG_WARN_BLOCK_CAPTURE_AUTORELEASING = YES;
				CLANG_WARN_BOOL_CONVERSION = YES;
				CLANG_WARN_COMMA = YES;
				CLANG_WARN_CONSTANT_CONVERSION = YES;
				CLANG_WARN_DEPRECATED_OBJC_IMPLEMENTATIONS = YES;
				CLANG_WARN_DIRECT_OBJC_ISA_USAGE = YES_ERROR;
				CLANG_WARN_DOCUMENTATION_COMMENTS = YES;
				CLANG_WARN_EMPTY_BODY = YES;
				CLANG_WARN_ENUM_CONVERSION = YES;
				CLANG_WARN_INFINITE_RECURSION = YES;
				CLANG_WARN_INT_CONVERSION = YES;
				CLANG_WARN_NON_LITERAL_NULL_CONVERSION = YES;
				CLANG_WARN_OBJC_IMPLICIT_RETAIN_SELF = YES;
				CLANG_WARN_OBJC_LITERAL_CONVERSION = YES;
				CLANG_WARN_OBJC_ROOT_CLASS = YES_ERROR;
				CLANG_WARN_QUOTED_INCLUDE_IN_FRAMEWORK_HEADER = YES;
				CLANG_WARN_RANGE_LOOP_ANALYSIS = YES;
				CLANG_WARN_STRICT_PROTOTYPES = YES;
				CLANG_WARN_SUSPICIOUS_MOVE = YES;
				CLANG_WARN_UNGUARDED_AVAILABILITY = YES_AGGRESSIVE;
				CLANG_WARN_UNREACHABLE_CODE = YES;
				CLANG_WARN__DUPLICATE_METHOD_MATCH = YES;
				COPY_PHASE_STRIP = NO;
				DEBUG_INFORMATION_FORMAT = "dwarf-with-dsym";
				ENABLE_NS_ASSERTIONS = NO;
				ENABLE_STRICT_OBJC_MSGSEND = YES;
				GCC_C_LANGUAGE_STANDARD = gnu11;
				GCC_NO_COMMON_BLOCKS = YES;
				GCC_WARN_64_TO_32_BIT_CONVERSION = YES;
				GCC_WARN_ABOUT_RETURN_TYPE = YES_ERROR;
				GCC_WARN_UNDECLARED_SELECTOR = YES;
				GCC_WARN_UNINITIALIZED_AUTOS = YES_AGGRESSIVE;
				GCC_WARN_UNUSED_FUNCTION = YES;
				GCC_WARN_UNUSED_VARIABLE = YES;
				IPHONEOS_DEPLOYMENT_TARGET = 16.2;
				MTL_ENABLE_DEBUG_INFO = NO;
				MTL_FAST_MATH = YES;
				SDKROOT = iphoneos;
				SWIFT_COMPILATION_MODE = wholemodule;
				SWIFT_OPTIMIZATION_LEVEL = "-O";
				VALIDATE_PRODUCT = YES;
			};
			name = Release;
		};
		161622B32A79FB2C00844818 /* Debug */ = {
			isa = XCBuildConfiguration;
			baseConfigurationReference = F81B52D5981E7187209C6623 /* Pods-JRSubDemo.debug.xcconfig */;
			buildSettings = {
				ASSETCATALOG_COMPILER_APPICON_NAME = AppIcon;
				ASSETCATALOG_COMPILER_GLOBAL_ACCENT_COLOR_NAME = AccentColor;
				CLANG_ENABLE_MODULES = YES;
				CODE_SIGN_STYLE = Automatic;
				CURRENT_PROJECT_VERSION = 1;
				DEVELOPMENT_TEAM = VRGS6G42JR;
				FRAMEWORK_SEARCH_PATHS = (
					"$(inherited)",
					"$(PROJECT_DIR)/Pods/UMCCommonLog/UMCommonLog",
					"$(PROJECT_DIR)/Pods/UMCommon/UMCommon_7.4.1",
					"$(PROJECT_DIR)/Pods/UMDevice/UMDevice_3.1.0",
				);
				GENERATE_INFOPLIST_FILE = YES;
				INFOPLIST_FILE = JRSubDemo/Info.plist;
				INFOPLIST_KEY_UIApplicationSupportsIndirectInputEvents = YES;
				INFOPLIST_KEY_UILaunchStoryboardName = LaunchScreen;
				INFOPLIST_KEY_UIMainStoryboardFile = Main;
				INFOPLIST_KEY_UISupportedInterfaceOrientations_iPad = "UIInterfaceOrientationPortrait UIInterfaceOrientationPortraitUpsideDown UIInterfaceOrientationLandscapeLeft UIInterfaceOrientationLandscapeRight";
				INFOPLIST_KEY_UISupportedInterfaceOrientations_iPhone = "UIInterfaceOrientationPortrait UIInterfaceOrientationLandscapeLeft UIInterfaceOrientationLandscapeRight";
				IPHONEOS_DEPLOYMENT_TARGET = 13.0;
				LD_RUNPATH_SEARCH_PATHS = (
					"$(inherited)",
					"@executable_path/Frameworks",
				);
				MARKETING_VERSION = 1.0;
				PRODUCT_BUNDLE_IDENTIFIER = com.jrayln.JRSubDemo;
				PRODUCT_NAME = "$(TARGET_NAME)";
				SWIFT_EMIT_LOC_STRINGS = YES;
				SWIFT_OBJC_BRIDGING_HEADER = "";
				SWIFT_OPTIMIZATION_LEVEL = "-Onone";
				SWIFT_PRECOMPILE_BRIDGING_HEADER = YES;
				SWIFT_VERSION = 5.0;
				TARGETED_DEVICE_FAMILY = "1,2";
			};
			name = Debug;
		};
		161622B42A79FB2C00844818 /* Release */ = {
			isa = XCBuildConfiguration;
			baseConfigurationReference = FE03A34479C8EE7E9A64EB69 /* Pods-JRSubDemo.release.xcconfig */;
			buildSettings = {
				ASSETCATALOG_COMPILER_APPICON_NAME = AppIcon;
				ASSETCATALOG_COMPILER_GLOBAL_ACCENT_COLOR_NAME = AccentColor;
				CLANG_ENABLE_MODULES = YES;
				CODE_SIGN_STYLE = Automatic;
				CURRENT_PROJECT_VERSION = 1;
				DEVELOPMENT_TEAM = VRGS6G42JR;
				FRAMEWORK_SEARCH_PATHS = (
					"$(inherited)",
					"$(PROJECT_DIR)/Pods/UMCCommonLog/UMCommonLog",
					"$(PROJECT_DIR)/Pods/UMCommon/UMCommon_7.4.1",
					"$(PROJECT_DIR)/Pods/UMDevice/UMDevice_3.1.0",
				);
				GENERATE_INFOPLIST_FILE = YES;
				INFOPLIST_FILE = JRSubDemo/Info.plist;
				INFOPLIST_KEY_UIApplicationSupportsIndirectInputEvents = YES;
				INFOPLIST_KEY_UILaunchStoryboardName = LaunchScreen;
				INFOPLIST_KEY_UIMainStoryboardFile = Main;
				INFOPLIST_KEY_UISupportedInterfaceOrientations_iPad = "UIInterfaceOrientationPortrait UIInterfaceOrientationPortraitUpsideDown UIInterfaceOrientationLandscapeLeft UIInterfaceOrientationLandscapeRight";
				INFOPLIST_KEY_UISupportedInterfaceOrientations_iPhone = "UIInterfaceOrientationPortrait UIInterfaceOrientationLandscapeLeft UIInterfaceOrientationLandscapeRight";
				IPHONEOS_DEPLOYMENT_TARGET = 13.0;
				LD_RUNPATH_SEARCH_PATHS = (
					"$(inherited)",
					"@executable_path/Frameworks",
				);
				MARKETING_VERSION = 1.0;
				PRODUCT_BUNDLE_IDENTIFIER = com.jrayln.JRSubDemo;
				PRODUCT_NAME = "$(TARGET_NAME)";
				SWIFT_EMIT_LOC_STRINGS = YES;
				SWIFT_OBJC_BRIDGING_HEADER = "";
				SWIFT_PRECOMPILE_BRIDGING_HEADER = YES;
				SWIFT_VERSION = 5.0;
				TARGETED_DEVICE_FAMILY = "1,2";
			};
			name = Release;
		};
/* End XCBuildConfiguration section */

/* Begin XCConfigurationList section */
		161622992A79FB2B00844818 /* Build configuration list for PBXProject "JRSubDemo" */ = {
			isa = XCConfigurationList;
			buildConfigurations = (
				161622B02A79FB2C00844818 /* Debug */,
				161622B12A79FB2C00844818 /* Release */,
			);
			defaultConfigurationIsVisible = 0;
			defaultConfigurationName = Release;
		};
		161622B22A79FB2C00844818 /* Build configuration list for PBXNativeTarget "JRSubDemo" */ = {
			isa = XCConfigurationList;
			buildConfigurations = (
				161622B32A79FB2C00844818 /* Debug */,
				161622B42A79FB2C00844818 /* Release */,
			);
			defaultConfigurationIsVisible = 0;
			defaultConfigurationName = Release;
		};
/* End XCConfigurationList section */
	};
	rootObject = 161622962A79FB2B00844818 /* Project object */;
}
